
Microsoft Visual Studio Solution File, Format Version 12.00
# Visual Studio Version 17
VisualStudioVersion = 17.0.31903.59
MinimumVisualStudioVersion = 10.0.40219.1
Project("{2150E333-8FDC-42A3-9474-1A3956D46DE8}") = "src", "src", "{D31C534C-83FF-45F3-8B45-A3FDCCB1A113}"
EndProject
Project("{FAE04EC0-301F-11D3-BF4B-00C04F79EFBC}") = "SpotifyLyricsPresence.App", "src\SpotifyLyricsPresence.App\SpotifyLyricsPresence.App.csproj", "{275FCAE5-28AC-48DC-8727-4F020F1E1B0D}"
EndProject
Project("{FAE04EC0-301F-11D3-BF4B-00C04F79EFBC}") = "SpotifyLyricsPresence.Core", "src\SpotifyLyricsPresence.Core\SpotifyLyricsPresence.Core.csproj", "{93427DD1-CC3C-459C-B824-78C52CF9E322}"
EndProject
Project("{2150E333-8FDC-42A3-9474-1A3956D46DE8}") = "tests", "tests", "{4D6DB4FF-567C-40AF-864C-7930A3161447}"
EndProject
Project("{FAE04EC0-301F-11D3-BF4B-00C04F79EFBC}") = "SpotifyLyricsPresence.Tests", "tests\SpotifyLyricsPresence.Tests\SpotifyLyricsPresence.Tests.csproj", "{BC157E66-D5E9-4328-A1C4-062C5FD99B1E}"
EndProject
Global
	GlobalSection(SolutionConfigurationPlatforms) = preSolution
		Debug|Any CPU = Debug|Any CPU
		Release|Any CPU = Release|Any CPU
	EndGlobalSection
	GlobalSection(SolutionProperties) = preSolution
		HideSolutionNode = FALSE
	EndGlobalSection
	GlobalSection(ProjectConfigurationPlatforms) = postSolution
		{275FCAE5-28AC-48DC-8727-4F020F1E1B0D}.Debug|Any CPU.ActiveCfg = Debug|Any CPU
		{275FCAE5-28AC-48DC-8727-4F020F1E1B0D}.Debug|Any CPU.Build.0 = Debug|Any CPU
		{275FCAE5-28AC-48DC-8727-4F020F1E1B0D}.Release|Any CPU.ActiveCfg = Release|Any CPU
		{275FCAE5-28AC-48DC-8727-4F020F1E1B0D}.Release|Any CPU.Build.0 = Release|Any CPU
		{93427DD1-CC3C-459C-B824-78C52CF9E322}.Debug|Any CPU.ActiveCfg = Debug|Any CPU
		{93427DD1-CC3C-459C-B824-78C52CF9E322}.Debug|Any CPU.Build.0 = Debug|Any CPU
		{93427DD1-CC3C-459C-B824-78C52CF9E322}.Release|Any CPU.ActiveCfg = Release|Any CPU
		{93427DD1-CC3C-459C-B824-78C52CF9E322}.Release|Any CPU.Build.0 = Release|Any CPU
		{BC157E66-D5E9-4328-A1C4-062C5FD99B1E}.Debug|Any CPU.ActiveCfg = Debug|Any CPU
		{BC157E66-D5E9-4328-A1C4-062C5FD99B1E}.Debug|Any CPU.Build.0 = Debug|Any CPU
		{BC157E66-D5E9-4328-A1C4-062C5FD99B1E}.Release|Any CPU.ActiveCfg = Release|Any CPU
		{BC157E66-D5E9-4328-A1C4-062C5FD99B1E}.Release|Any CPU.Build.0 = Release|Any CPU
	EndGlobalSection
	GlobalSection(NestedProjects) = preSolution
		{275FCAE5-28AC-48DC-8727-4F020F1E1B0D} = {D31C534C-83FF-45F3-8B45-A3FDCCB1A113}
		{93427DD1-CC3C-459C-B824-78C52CF9E322} = {D31C534C-83FF-45F3-8B45-A3FDCCB1A113}
		{BC157E66-D5E9-4328-A1C4-062C5FD99B1E} = {4D6DB4FF-567C-40AF-864C-7930A3161447}
	EndGlobalSection
EndGlobal
